
Microsoft Visual Studio Solution File, Format Version 12.00
VisualStudioVersion = 17.14.37710.0
MinimumVisualStudioVersion = 10.0.40219.1
Project("{FAE04EC0-301F-11D3-BF4B-00C04F79EFBC}") = "CapaVista_Compras", "CapaVista_Compras\CapaVista_Compras.csproj", "{18E9C0AB-7946-4222-925F-7859A62839E9}"
EndProject
Project("{FAE04EC0-301F-11D3-BF4B-00C04F79EFBC}") = "CapaControlador_Compras", "CapaControlador_Compras\CapaControlador_Compras.csproj", "{E519FCF9-D06B-4B99-BBFD-2E6FEEFC2E2E}"
EndProject
Project("{FAE04EC0-301F-11D3-BF4B-00C04F79EFBC}") = "CapaModelo_Compras", "CapaModelo_Compras\CapaModelo_Compras.csproj", "{0A398E58-4603-466D-9076-51A590AF0F4A}"
EndProject
Global
	GlobalSection(SolutionConfigurationPlatforms) = preSolution
		Debug|Any CPU = Debug|Any CPU
		Release|Any CPU = Release|Any CPU
	EndGlobalSection
	GlobalSection(ProjectConfigurationPlatforms) = postSolution
		{18E9C0AB-7946-4222-925F-7859A62839E9}.Debug|Any CPU.ActiveCfg = Debug|Any CPU
		{18E9C0AB-7946-4222-925F-7859A62839E9}.Debug|Any CPU.Build.0 = Debug|Any CPU
		{18E9C0AB-7946-4222-925F-7859A62839E9}.Release|Any CPU.ActiveCfg = Release|Any CPU
		{18E9C0AB-7946-4222-925F-7859A62839E9}.Release|Any CPU.Build.0 = Release|Any CPU
		{E519FCF9-D06B-4B99-BBFD-2E6FEEFC2E2E}.Debug|Any CPU.ActiveCfg = Debug|Any CPU
		{E519FCF9-D06B-4B99-BBFD-2E6FEEFC2E2E}.Debug|Any CPU.Build.0 = Debug|Any CPU
		{E519FCF9-D06B-4B99-BBFD-2E6FEEFC2E2E}.Release|Any CPU.ActiveCfg = Release|Any CPU
		{E519FCF9-D06B-4B99-BBFD-2E6FEEFC2E2E}.Release|Any CPU.Build.0 = Release|Any CPU
		{0A398E58-4603-466D-9076-51A590AF0F4A}.Debug|Any CPU.ActiveCfg = Debug|Any CPU
		{0A398E58-4603-466D-9076-51A590AF0F4A}.Debug|Any CPU.Build.0 = Debug|Any CPU
		{0A398E58-4603-466D-9076-51A590AF0F4A}.Release|Any CPU.ActiveCfg = Release|Any CPU
		{0A398E58-4603-466D-9076-51A590AF0F4A}.Release|Any CPU.Build.0 = Release|Any CPU
	EndGlobalSection
	GlobalSection(SolutionProperties) = preSolution
		HideSolutionNode = FALSE
	EndGlobalSection
	GlobalSection(ExtensibilityGlobals) = postSolution
		SolutionGuid = {65C96B29-BBA2-4EE1-AB05-909A3E7411FF}
	EndGlobalSection
EndGlobal
